
Microsoft Visual Studio Solution File, Format Version 12.00
# Visual Studio Version 17
VisualStudioVersion = 17.12.35527.113
MinimumVisualStudioVersion = 10.0.40219.1
Project("{FAE04EC0-301F-11D3-BF4B-00C04F79EFBC}") = "SwiftStack", "SwiftStack\SwiftStack.csproj", "{D364A04B-6CA5-48BC-9680-370139209E75}"
EndProject
Project("{FAE04EC0-301F-11D3-BF4B-00C04F79EFBC}") = "Test.Rest", "Test.Rest\Test.Rest.csproj", "{0975CE32-6311-435B-916D-30B13271C27A}"
EndProject
Project("{FAE04EC0-301F-11D3-BF4B-00C04F79EFBC}") = "Test.RabbitMq", "Test.RabbitMq\Test.RabbitMq.csproj", "{C0B13613-27CC-4235-A44B-4BBF3A4976D9}"
EndProject
Global
	GlobalSection(SolutionConfigurationPlatforms) = preSolution
		Debug|Any CPU = Debug|Any CPU
		Release|Any CPU = Release|Any CPU
	EndGlobalSection
	GlobalSection(ProjectConfigurationPlatforms) = postSolution
		{D364A04B-6CA5-48BC-9680-370139209E75}.Debug|Any CPU.ActiveCfg = Debug|Any CPU
		{D364A04B-6CA5-48BC-9680-370139209E75}.Debug|Any CPU.Build.0 = Debug|Any CPU
		{D364A04B-6CA5-48BC-9680-370139209E75}.Release|Any CPU.ActiveCfg = Release|Any CPU
		{D364A04B-6CA5-48BC-9680-370139209E75}.Release|Any CPU.Build.0 = Release|Any CPU
		{0975CE32-6311-435B-916D-30B13271C27A}.Debug|Any CPU.ActiveCfg = Debug|Any CPU
		{0975CE32-6311-435B-916D-30B13271C27A}.Debug|Any CPU.Build.0 = Debug|Any CPU
		{0975CE32-6311-435B-916D-30B13271C27A}.Release|Any CPU.ActiveCfg = Release|Any CPU
		{0975CE32-6311-435B-916D-30B13271C27A}.Release|Any CPU.Build.0 = Release|Any CPU
		{C0B13613-27CC-4235-A44B-4BBF3A4976D9}.Debug|Any CPU.ActiveCfg = Debug|Any CPU
		{C0B13613-27CC-4235-A44B-4BBF3A4976D9}.Debug|Any CPU.Build.0 = Debug|Any CPU
		{C0B13613-27CC-4235-A44B-4BBF3A4976D9}.Release|Any CPU.ActiveCfg = Release|Any CPU
		{C0B13613-27CC-4235-A44B-4BBF3A4976D9}.Release|Any CPU.Build.0 = Release|Any CPU
	EndGlobalSection
	GlobalSection(SolutionProperties) = preSolution
		HideSolutionNode = FALSE
	EndGlobalSection
EndGlobal
